// !$*UTF8*$!
{
	archiveVersion = 1;
	classes = {
	};
	objectVersion = 46;
	objects = {

/* Begin PBXBuildFile section */
		67049E7C1AA018D50096BC2C /* Bolts.framework in Frameworks */ = {isa = PBXBuildFile; fileRef = 67049E7A1AA018D50096BC2C /* Bolts.framework */; };
		67049E7D1AA018D50096BC2C /* Parse.framework in Frameworks */ = {isa = PBXBuildFile; fileRef = 67049E7B1AA018D50096BC2C /* Parse.framework */; };
		67049E8A1AA019B60096BC2C /* AudioToolbox.framework in Frameworks */ = {isa = PBXBuildFile; fileRef = 67049E7F1AA019B60096BC2C /* AudioToolbox.framework */; };
		67049E8B1AA019B60096BC2C /* CFNetwork.framework in Frameworks */ = {isa = PBXBuildFile; fileRef = 67049E801AA019B60096BC2C /* CFNetwork.framework */; };
		67049E8C1AA019B60096BC2C /* CoreGraphics.framework in Frameworks */ = {isa = PBXBuildFile; fileRef = 67049E811AA019B60096BC2C /* CoreGraphics.framework */; };
		67049E8D1AA019B60096BC2C /* CoreLocation.framework in Frameworks */ = {isa = PBXBuildFile; fileRef = 67049E821AA019B60096BC2C /* CoreLocation.framework */; };
		67049E8E1AA019B60096BC2C /* libsqlite3.dylib in Frameworks */ = {isa = PBXBuildFile; fileRef = 67049E831AA019B60096BC2C /* libsqlite3.dylib */; };
		67049E8F1AA019B60096BC2C /* libz.dylib in Frameworks */ = {isa = PBXBuildFile; fileRef = 67049E841AA019B60096BC2C /* libz.dylib */; };
		67049E901AA019B60096BC2C /* MobileCoreServices.framework in Frameworks */ = {isa = PBXBuildFile; fileRef = 67049E851AA019B60096BC2C /* MobileCoreServices.framework */; };
		67049E911AA019B60096BC2C /* QuartzCore.framework in Frameworks */ = {isa = PBXBuildFile; fileRef = 67049E861AA019B60096BC2C /* QuartzCore.framework */; };
		67049E921AA019B60096BC2C /* Security.framework in Frameworks */ = {isa = PBXBuildFile; fileRef = 67049E871AA019B60096BC2C /* Security.framework */; };
		67049E931AA019B60096BC2C /* StoreKit.framework in Frameworks */ = {isa = PBXBuildFile; fileRef = 67049E881AA019B60096BC2C /* StoreKit.framework */; };
		67049E941AA019B60096BC2C /* SystemConfiguration.framework in Frameworks */ = {isa = PBXBuildFile; fileRef = 67049E891AA019B60096BC2C /* SystemConfiguration.framework */; };
		674CBE991AEF54D600AC163C /* ExerciseTableViewController.m in Sources */ = {isa = PBXBuildFile; fileRef = 674CBE981AEF54D600AC163C /* ExerciseTableViewController.m */; };
		674CBE9E1AEF561C00AC163C /* ExerciseTableViewCell.m in Sources */ = {isa = PBXBuildFile; fileRef = 674CBE9D1AEF561C00AC163C /* ExerciseTableViewCell.m */; };
		674CBEA21AEF56A200AC163C /* Exercise.m in Sources */ = {isa = PBXBuildFile; fileRef = 674CBEA11AEF56A200AC163C /* Exercise.m */; };
		674CBEA51AEF5A2E00AC163C /* ExerciseDetailViewController.m in Sources */ = {isa = PBXBuildFile; fileRef = 674CBEA41AEF5A2E00AC163C /* ExerciseDetailViewController.m */; };
		6754181F1AAD2625003BDDF8 /* Schedule_Exercise_Time_Btn.png in Resources */ = {isa = PBXBuildFile; fileRef = 6754181E1AAD2625003BDDF8 /* Schedule_Exercise_Time_Btn.png */; };
		6759C2D91AEF8FDE001E439E /* AddExerciseViewController.m in Sources */ = {isa = PBXBuildFile; fileRef = 6759C2D81AEF8FDE001E439E /* AddExerciseViewController.m */; };
		677460D81A9FEEE200E71BD9 /* AddScheduleTableViewCell.m in Sources */ = {isa = PBXBuildFile; fileRef = 677460D71A9FEEE200E71BD9 /* AddScheduleTableViewCell.m */; };
		677460DB1A9FF8C100E71BD9 /* AddScheduleTableViewController.m in Sources */ = {isa = PBXBuildFile; fileRef = 677460DA1A9FF8C100E71BD9 /* AddScheduleTableViewController.m */; };
		6774F1F01ACC8A7400523592 /* User.m in Sources */ = {isa = PBXBuildFile; fileRef = 6774F1EF1ACC8A7400523592 /* User.m */; };
		67BECB151AB01F46007FF1F0 /* Constants.m in Sources */ = {isa = PBXBuildFile; fileRef = 67BECB141AB01F46007FF1F0 /* Constants.m */; };
		67DF2F341AAE8D7D00C669D7 /* ExerciseScheduleMainTabViewController.m in Sources */ = {isa = PBXBuildFile; fileRef = 67DF2F331AAE8D7D00C669D7 /* ExerciseScheduleMainTabViewController.m */; };
		67DF2F371AAE99FC00C669D7 /* Utils.m in Sources */ = {isa = PBXBuildFile; fileRef = 67DF2F361AAE99FC00C669D7 /* Utils.m */; };
		67E9F8051A9855FD008FF8D0 /* main.m in Sources */ = {isa = PBXBuildFile; fileRef = 67E9F8041A9855FD008FF8D0 /* main.m */; };
		67E9F8081A9855FD008FF8D0 /* AppDelegate.m in Sources */ = {isa = PBXBuildFile; fileRef = 67E9F8071A9855FD008FF8D0 /* AppDelegate.m */; };
		67E9F80E1A9855FD008FF8D0 /* Main.storyboard in Resources */ = {isa = PBXBuildFile; fileRef = 67E9F80C1A9855FD008FF8D0 /* Main.storyboard */; };
		67E9F8101A9855FD008FF8D0 /* Images.xcassets in Resources */ = {isa = PBXBuildFile; fileRef = 67E9F80F1A9855FD008FF8D0 /* Images.xcassets */; };
		67E9F8131A9855FD008FF8D0 /* LaunchScreen.xib in Resources */ = {isa = PBXBuildFile; fileRef = 67E9F8111A9855FD008FF8D0 /* LaunchScreen.xib */; };
		67E9F81F1A9855FE008FF8D0 /* PowerWheelchairAppTests.m in Sources */ = {isa = PBXBuildFile; fileRef = 67E9F81E1A9855FE008FF8D0 /* PowerWheelchairAppTests.m */; };
		67E9F82A1A985C16008FF8D0 /* ScheduleTableViewController.m in Sources */ = {isa = PBXBuildFile; fileRef = 67E9F8291A985C16008FF8D0 /* ScheduleTableViewController.m */; };
		67E9F82D1A985D44008FF8D0 /* ScheduleTableViewCell.m in Sources */ = {isa = PBXBuildFile; fileRef = 67E9F82C1A985D44008FF8D0 /* ScheduleTableViewCell.m */; };
		67E9F8351A987641008FF8D0 /* ExerciseSchedule.m in Sources */ = {isa = PBXBuildFile; fileRef = 67E9F8341A987641008FF8D0 /* ExerciseSchedule.m */; };
		67E9F8381A9887DF008FF8D0 /* ScheduleDetailViewController.m in Sources */ = {isa = PBXBuildFile; fileRef = 67E9F8371A9887DF008FF8D0 /* ScheduleDetailViewController.m */; };
		67F74C201A9F35C500CE1C53 /* ExerciseTimesViewController.m in Sources */ = {isa = PBXBuildFile; fileRef = 67F74C1F1A9F35C500CE1C53 /* ExerciseTimesViewController.m */; };
		67F74C231A9F361A00CE1C53 /* ExerciseTimesTableViewCell.m in Sources */ = {isa = PBXBuildFile; fileRef = 67F74C221A9F361A00CE1C53 /* ExerciseTimesTableViewCell.m */; };
/* End PBXBuildFile section */

/* Begin PBXContainerItemProxy section */
		67E9F8191A9855FE008FF8D0 /* PBXContainerItemProxy */ = {
			isa = PBXContainerItemProxy;
			containerPortal = 67E9F7F71A9855FD008FF8D0 /* Project object */;
			proxyType = 1;
			remoteGlobalIDString = 67E9F7FE1A9855FD008FF8D0;
			remoteInfo = PowerWheelchairApp;
		};
/* End PBXContainerItemProxy section */

/* Begin PBXFileReference section */
		67049E7A1AA018D50096BC2C /* Bolts.framework */ = {isa = PBXFileReference; lastKnownFileType = wrapper.framework; name = Bolts.framework; path = "parse-library-1.6.3/Bolts.framework"; sourceTree = "<group>"; };
		67049E7B1AA018D50096BC2C /* Parse.framework */ = {isa = PBXFileReference; lastKnownFileType = wrapper.framework; name = Parse.framework; path = "parse-library-1.6.3/Parse.framework"; sourceTree = "<group>"; };
		67049E7F1AA019B60096BC2C /* AudioToolbox.framework */ = {isa = PBXFileReference; lastKnownFileType = wrapper.framework; name = AudioToolbox.framework; path = System/Library/Frameworks/AudioToolbox.framework; sourceTree = SDKROOT; };
		67049E801AA019B60096BC2C /* CFNetwork.framework */ = {isa = PBXFileReference; lastKnownFileType = wrapper.framework; name = CFNetwork.framework; path = System/Library/Frameworks/CFNetwork.framework; sourceTree = SDKROOT; };
		67049E811AA019B60096BC2C /* CoreGraphics.framework */ = {isa = PBXFileReference; lastKnownFileType = wrapper.framework; name = CoreGraphics.framework; path = System/Library/Frameworks/CoreGraphics.framework; sourceTree = SDKROOT; };
		67049E821AA019B60096BC2C /* CoreLocation.framework */ = {isa = PBXFileReference; lastKnownFileType = wrapper.framework; name = CoreLocation.framework; path = System/Library/Frameworks/CoreLocation.framework; sourceTree = SDKROOT; };
		67049E831AA019B60096BC2C /* libsqlite3.dylib */ = {isa = PBXFileReference; lastKnownFileType = "compiled.mach-o.dylib"; name = libsqlite3.dylib; path = usr/lib/libsqlite3.dylib; sourceTree = SDKROOT; };
		67049E841AA019B60096BC2C /* libz.dylib */ = {isa = PBXFileReference; lastKnownFileType = "compiled.mach-o.dylib"; name = libz.dylib; path = usr/lib/libz.dylib; sourceTree = SDKROOT; };
		67049E851AA019B60096BC2C /* MobileCoreServices.framework */ = {isa = PBXFileReference; lastKnownFileType = wrapper.framework; name = MobileCoreServices.framework; path = System/Library/Frameworks/MobileCoreServices.framework; sourceTree = SDKROOT; };
		67049E861AA019B60096BC2C /* QuartzCore.framework */ = {isa = PBXFileReference; lastKnownFileType = wrapper.framework; name = QuartzCore.framework; path = System/Library/Frameworks/QuartzCore.framework; sourceTree = SDKROOT; };
		67049E871AA019B60096BC2C /* Security.framework */ = {isa = PBXFileReference; lastKnownFileType = wrapper.framework; name = Security.framework; path = System/Library/Frameworks/Security.framework; sourceTree = SDKROOT; };
		67049E881AA019B60096BC2C /* StoreKit.framework */ = {isa = PBXFileReference; lastKnownFileType = wrapper.framework; name = StoreKit.framework; path = System/Library/Frameworks/StoreKit.framework; sourceTree = SDKROOT; };
		67049E891AA019B60096BC2C /* SystemConfiguration.framework */ = {isa = PBXFileReference; lastKnownFileType = wrapper.framework; name = SystemConfiguration.framework; path = System/Library/Frameworks/SystemConfiguration.framework; sourceTree = SDKROOT; };
		674CBE971AEF54D600AC163C /* ExerciseTableViewController.h */ = {isa = PBXFileReference; fileEncoding = 4; lastKnownFileType = sourcecode.c.h; name = ExerciseTableViewController.h; path = Controllers/Exercise/ExerciseTableViewController.h; sourceTree = "<group>"; };
		674CBE981AEF54D600AC163C /* ExerciseTableViewController.m */ = {isa = PBXFileReference; fileEncoding = 4; lastKnownFileType = sourcecode.c.objc; name = ExerciseTableViewController.m; path = Controllers/Exercise/ExerciseTableViewController.m; sourceTree = "<group>"; };
		674CBE9C1AEF561C00AC163C /* ExerciseTableViewCell.h */ = {isa = PBXFileReference; fileEncoding = 4; lastKnownFileType = sourcecode.c.h; name = ExerciseTableViewCell.h; path = View_Items/Exercise/ExerciseTableViewCell.h; sourceTree = "<group>"; };
		674CBE9D1AEF561C00AC163C /* ExerciseTableViewCell.m */ = {isa = PBXFileReference; fileEncoding = 4; lastKnownFileType = sourcecode.c.objc; name = ExerciseTableViewCell.m; path = View_Items/Exercise/ExerciseTableViewCell.m; sourceTree = "<group>"; };
		674CBEA01AEF56A200AC163C /* Exercise.h */ = {isa = PBXFileReference; fileEncoding = 4; lastKnownFileType = sourcecode.c.h; name = Exercise.h; path = Models/Exercise/Exercise.h; sourceTree = "<group>"; };
		674CBEA11AEF56A200AC163C /* Exercise.m */ = {isa = PBXFileReference; fileEncoding = 4; lastKnownFileType = sourcecode.c.objc; name = Exercise.m; path = Models/Exercise/Exercise.m; sourceTree = "<group>"; };
		674CBEA31AEF5A2E00AC163C /* ExerciseDetailViewController.h */ = {isa = PBXFileReference; fileEncoding = 4; lastKnownFileType = sourcecode.c.h; name = ExerciseDetailViewController.h; path = Controllers/Exercise/ExerciseDetailViewController.h; sourceTree = "<group>"; };
		674CBEA41AEF5A2E00AC163C /* ExerciseDetailViewController.m */ = {isa = PBXFileReference; fileEncoding = 4; lastKnownFileType = sourcecode.c.objc; name = ExerciseDetailViewController.m; path = Controllers/Exercise/ExerciseDetailViewController.m; sourceTree = "<group>"; };
		6754181E1AAD2625003BDDF8 /* Schedule_Exercise_Time_Btn.png */ = {isa = PBXFileReference; lastKnownFileType = image.png; path = Schedule_Exercise_Time_Btn.png; sourceTree = "<group>"; };
		6759C2D71AEF8FDE001E439E /* AddExerciseViewController.h */ = {isa = PBXFileReference; fileEncoding = 4; lastKnownFileType = sourcecode.c.h; name = AddExerciseViewController.h; path = Controllers/Exercise/AddExerciseViewController.h; sourceTree = "<group>"; };
		6759C2D81AEF8FDE001E439E /* AddExerciseViewController.m */ = {isa = PBXFileReference; fileEncoding = 4; lastKnownFileType = sourcecode.c.objc; name = AddExerciseViewController.m; path = Controllers/Exercise/AddExerciseViewController.m; sourceTree = "<group>"; };
		677460D61A9FEEE200E71BD9 /* AddScheduleTableViewCell.h */ = {isa = PBXFileReference; fileEncoding = 4; lastKnownFileType = sourcecode.c.h; name = AddScheduleTableViewCell.h; path = View_Items/Exercise_Schedule/AddScheduleTableViewCell.h; sourceTree = "<group>"; };
		677460D71A9FEEE200E71BD9 /* AddScheduleTableViewCell.m */ = {isa = PBXFileReference; fileEncoding = 4; lastKnownFileType = sourcecode.c.objc; name = AddScheduleTableViewCell.m; path = View_Items/Exercise_Schedule/AddScheduleTableViewCell.m; sourceTree = "<group>"; };
		677460D91A9FF8C100E71BD9 /* AddScheduleTableViewController.h */ = {isa = PBXFileReference; fileEncoding = 4; lastKnownFileType = sourcecode.c.h; name = AddScheduleTableViewController.h; path = Controllers/Exercise_Schedule/AddScheduleTableViewController.h; sourceTree = "<group>"; };
		677460DA1A9FF8C100E71BD9 /* AddScheduleTableViewController.m */ = {isa = PBXFileReference; fileEncoding = 4; lastKnownFileType = sourcecode.c.objc; name = AddScheduleTableViewController.m; path = Controllers/Exercise_Schedule/AddScheduleTableViewController.m; sourceTree = "<group>"; };
		6774F1EE1ACC8A7400523592 /* User.h */ = {isa = PBXFileReference; fileEncoding = 4; lastKnownFileType = sourcecode.c.h; name = User.h; path = Models/User/User.h; sourceTree = "<group>"; };
		6774F1EF1ACC8A7400523592 /* User.m */ = {isa = PBXFileReference; fileEncoding = 4; lastKnownFileType = sourcecode.c.objc; name = User.m; path = Models/User/User.m; sourceTree = "<group>"; };
		67BECB131AB01F46007FF1F0 /* Constants.h */ = {isa = PBXFileReference; fileEncoding = 4; lastKnownFileType = sourcecode.c.h; name = Constants.h; path = Models/General/Constants.h; sourceTree = "<group>"; };
		67BECB141AB01F46007FF1F0 /* Constants.m */ = {isa = PBXFileReference; fileEncoding = 4; lastKnownFileType = sourcecode.c.objc; name = Constants.m; path = Models/General/Constants.m; sourceTree = "<group>"; };
		67DF2F321AAE8D7D00C669D7 /* ExerciseScheduleMainTabViewController.h */ = {isa = PBXFileReference; fileEncoding = 4; lastKnownFileType = sourcecode.c.h; name = ExerciseScheduleMainTabViewController.h; path = Controllers/Exercise_Schedule/ExerciseScheduleMainTabViewController.h; sourceTree = "<group>"; };
		67DF2F331AAE8D7D00C669D7 /* ExerciseScheduleMainTabViewController.m */ = {isa = PBXFileReference; fileEncoding = 4; lastKnownFileType = sourcecode.c.objc; name = ExerciseScheduleMainTabViewController.m; path = Controllers/Exercise_Schedule/ExerciseScheduleMainTabViewController.m; sourceTree = "<group>"; };
		67DF2F351AAE99FC00C669D7 /* Utils.h */ = {isa = PBXFileReference; fileEncoding = 4; lastKnownFileType = sourcecode.c.h; name = Utils.h; path = Models/General/Utils.h; sourceTree = "<group>"; };
		67DF2F361AAE99FC00C669D7 /* Utils.m */ = {isa = PBXFileReference; fileEncoding = 4; lastKnownFileType = sourcecode.c.objc; name = Utils.m; path = Models/General/Utils.m; sourceTree = "<group>"; };
		67E9F7FF1A9855FD008FF8D0 /* PowerWheelchairApp.app */ = {isa = PBXFileReference; explicitFileType = wrapper.application; includeInIndex = 0; path = PowerWheelchairApp.app; sourceTree = BUILT_PRODUCTS_DIR; };
		67E9F8031A9855FD008FF8D0 /* Info.plist */ = {isa = PBXFileReference; lastKnownFileType = text.plist.xml; path = Info.plist; sourceTree = "<group>"; };
		67E9F8041A9855FD008FF8D0 /* main.m */ = {isa = PBXFileReference; lastKnownFileType = sourcecode.c.objc; path = main.m; sourceTree = "<group>"; };
		67E9F8061A9855FD008FF8D0 /* AppDelegate.h */ = {isa = PBXFileReference; lastKnownFileType = sourcecode.c.h; path = AppDelegate.h; sourceTree = "<group>"; };
		67E9F8071A9855FD008FF8D0 /* AppDelegate.m */ = {isa = PBXFileReference; lastKnownFileType = sourcecode.c.objc; path = AppDelegate.m; sourceTree = "<group>"; };
		67E9F80D1A9855FD008FF8D0 /* Base */ = {isa = PBXFileReference; lastKnownFileType = file.storyboard; name = Base; path = Base.lproj/Main.storyboard; sourceTree = "<group>"; };
		67E9F80F1A9855FD008FF8D0 /* Images.xcassets */ = {isa = PBXFileReference; lastKnownFileType = folder.assetcatalog; path = Images.xcassets; sourceTree = "<group>"; };
		67E9F8121A9855FD008FF8D0 /* Base */ = {isa = PBXFileReference; lastKnownFileType = file.xib; name = Base; path = Base.lproj/LaunchScreen.xib; sourceTree = "<group>"; };
		67E9F8181A9855FE008FF8D0 /* PowerWheelchairAppTests.xctest */ = {isa = PBXFileReference; explicitFileType = wrapper.cfbundle; includeInIndex = 0; path = PowerWheelchairAppTests.xctest; sourceTree = BUILT_PRODUCTS_DIR; };
		67E9F81D1A9855FE008FF8D0 /* Info.plist */ = {isa = PBXFileReference; lastKnownFileType = text.plist.xml; path = Info.plist; sourceTree = "<group>"; };
		67E9F81E1A9855FE008FF8D0 /* PowerWheelchairAppTests.m */ = {isa = PBXFileReference; lastKnownFileType = sourcecode.c.objc; path = PowerWheelchairAppTests.m; sourceTree = "<group>"; };
		67E9F8281A985C16008FF8D0 /* ScheduleTableViewController.h */ = {isa = PBXFileReference; fileEncoding = 4; lastKnownFileType = sourcecode.c.h; name = ScheduleTableViewController.h; path = Controllers/Exercise_Schedule/ScheduleTableViewController.h; sourceTree = "<group>"; };
		67E9F8291A985C16008FF8D0 /* ScheduleTableViewController.m */ = {isa = PBXFileReference; fileEncoding = 4; lastKnownFileType = sourcecode.c.objc; name = ScheduleTableViewController.m; path = Controllers/Exercise_Schedule/ScheduleTableViewController.m; sourceTree = "<group>"; };
		67E9F82B1A985D44008FF8D0 /* ScheduleTableViewCell.h */ = {isa = PBXFileReference; fileEncoding = 4; lastKnownFileType = sourcecode.c.h; name = ScheduleTableViewCell.h; path = View_Items/Exercise_Schedule/ScheduleTableViewCell.h; sourceTree = "<group>"; };
		67E9F82C1A985D44008FF8D0 /* ScheduleTableViewCell.m */ = {isa = PBXFileReference; fileEncoding = 4; lastKnownFileType = sourcecode.c.objc; name = ScheduleTableViewCell.m; path = View_Items/Exercise_Schedule/ScheduleTableViewCell.m; sourceTree = "<group>"; };
		67E9F8331A987641008FF8D0 /* ExerciseSchedule.h */ = {isa = PBXFileReference; fileEncoding = 4; lastKnownFileType = sourcecode.c.h; name = ExerciseSchedule.h; path = Models/Exercise_Schedule/ExerciseSchedule.h; sourceTree = "<group>"; };
		67E9F8341A987641008FF8D0 /* ExerciseSchedule.m */ = {isa = PBXFileReference; fileEncoding = 4; lastKnownFileType = sourcecode.c.objc; name = ExerciseSchedule.m; path = Models/Exercise_Schedule/ExerciseSchedule.m; sourceTree = "<group>"; };
		67E9F8361A9887DF008FF8D0 /* ScheduleDetailViewController.h */ = {isa = PBXFileReference; fileEncoding = 4; lastKnownFileType = sourcecode.c.h; name = ScheduleDetailViewController.h; path = Controllers/Exercise_Schedule/ScheduleDetailViewController.h; sourceTree = "<group>"; };
		67E9F8371A9887DF008FF8D0 /* ScheduleDetailViewController.m */ = {isa = PBXFileReference; fileEncoding = 4; lastKnownFileType = sourcecode.c.objc; name = ScheduleDetailViewController.m; path = Controllers/Exercise_Schedule/ScheduleDetailViewController.m; sourceTree = "<group>"; };
		67F74C1E1A9F35C500CE1C53 /* ExerciseTimesViewController.h */ = {isa = PBXFileReference; fileEncoding = 4; lastKnownFileType = sourcecode.c.h; name = ExerciseTimesViewController.h; path = Controllers/Exercise_Schedule/ExerciseTimesViewController.h; sourceTree = "<group>"; };
		67F74C1F1A9F35C500CE1C53 /* ExerciseTimesViewController.m */ = {isa = PBXFileReference; fileEncoding = 4; lastKnownFileType = sourcecode.c.objc; name = ExerciseTimesViewController.m; path = Controllers/Exercise_Schedule/ExerciseTimesViewController.m; sourceTree = "<group>"; };
		67F74C211A9F361A00CE1C53 /* ExerciseTimesTableViewCell.h */ = {isa = PBXFileReference; fileEncoding = 4; lastKnownFileType = sourcecode.c.h; name = ExerciseTimesTableViewCell.h; path = View_Items/Exercise_Schedule/ExerciseTimesTableViewCell.h; sourceTree = "<group>"; };
		67F74C221A9F361A00CE1C53 /* ExerciseTimesTableViewCell.m */ = {isa = PBXFileReference; fileEncoding = 4; lastKnownFileType = sourcecode.c.objc; name = ExerciseTimesTableViewCell.m; path = View_Items/Exercise_Schedule/ExerciseTimesTableViewCell.m; sourceTree = "<group>"; };
/* End PBXFileReference section */

/* Begin PBXFrameworksBuildPhase section */
		67E9F7FC1A9855FD008FF8D0 /* Frameworks */ = {
			isa = PBXFrameworksBuildPhase;
			buildActionMask = 2147483647;
			files = (
				67049E8A1AA019B60096BC2C /* AudioToolbox.framework in Frameworks */,
				67049E8B1AA019B60096BC2C /* CFNetwork.framework in Frameworks */,
				67049E8C1AA019B60096BC2C /* CoreGraphics.framework in Frameworks */,
				67049E8D1AA019B60096BC2C /* CoreLocation.framework in Frameworks */,
				67049E8E1AA019B60096BC2C /* libsqlite3.dylib in Frameworks */,
				67049E8F1AA019B60096BC2C /* libz.dylib in Frameworks */,
				67049E901AA019B60096BC2C /* MobileCoreServices.framework in Frameworks */,
				67049E911AA019B60096BC2C /* QuartzCore.framework in Frameworks */,
				67049E921AA019B60096BC2C /* Security.framework in Frameworks */,
				67049E931AA019B60096BC2C /* StoreKit.framework in Frameworks */,
				67049E941AA019B60096BC2C /* SystemConfiguration.framework in Frameworks */,
				67049E7D1AA018D50096BC2C /* Parse.framework in Frameworks */,
				67049E7C1AA018D50096BC2C /* Bolts.framework in Frameworks */,
			);
			runOnlyForDeploymentPostprocessing = 0;
		};
		67E9F8151A9855FE008FF8D0 /* Frameworks */ = {
			isa = PBXFrameworksBuildPhase;
			buildActionMask = 2147483647;
			files = (
			);
			runOnlyForDeploymentPostprocessing = 0;
		};
/* End PBXFrameworksBuildPhase section */

/* Begin PBXGroup section */
		67049E7E1AA019140096BC2C /* Frameworks */ = {
			isa = PBXGroup;
			children = (
				67049E7F1AA019B60096BC2C /* AudioToolbox.framework */,
				67049E801AA019B60096BC2C /* CFNetwork.framework */,
				67049E811AA019B60096BC2C /* CoreGraphics.framework */,
				67049E821AA019B60096BC2C /* CoreLocation.framework */,
				67049E831AA019B60096BC2C /* libsqlite3.dylib */,
				67049E841AA019B60096BC2C /* libz.dylib */,
				67049E851AA019B60096BC2C /* MobileCoreServices.framework */,
				67049E861AA019B60096BC2C /* QuartzCore.framework */,
				67049E871AA019B60096BC2C /* Security.framework */,
				67049E881AA019B60096BC2C /* StoreKit.framework */,
				67049E891AA019B60096BC2C /* SystemConfiguration.framework */,
				67049E7A1AA018D50096BC2C /* Bolts.framework */,
				67049E7B1AA018D50096BC2C /* Parse.framework */,
			);
			name = Frameworks;
			sourceTree = "<group>";
		};
		674CBE9A1AEF54DF00AC163C /* Exercise */ = {
			isa = PBXGroup;
			children = (
				6759C2D71AEF8FDE001E439E /* AddExerciseViewController.h */,
				6759C2D81AEF8FDE001E439E /* AddExerciseViewController.m */,
				674CBE971AEF54D600AC163C /* ExerciseTableViewController.h */,
				674CBE981AEF54D600AC163C /* ExerciseTableViewController.m */,
				674CBEA31AEF5A2E00AC163C /* ExerciseDetailViewController.h */,
				674CBEA41AEF5A2E00AC163C /* ExerciseDetailViewController.m */,
			);
			name = Exercise;
			sourceTree = "<group>";
		};
		674CBE9B1AEF55D200AC163C /* Exercise */ = {
			isa = PBXGroup;
			children = (
				674CBE9C1AEF561C00AC163C /* ExerciseTableViewCell.h */,
				674CBE9D1AEF561C00AC163C /* ExerciseTableViewCell.m */,
			);
			name = Exercise;
			sourceTree = "<group>";
		};
		674CBE9F1AEF566F00AC163C /* Exercise */ = {
			isa = PBXGroup;
			children = (
				674CBEA01AEF56A200AC163C /* Exercise.h */,
				674CBEA11AEF56A200AC163C /* Exercise.m */,
			);
			name = Exercise;
			sourceTree = "<group>";
		};
		6754181D1AAD2625003BDDF8 /* Images */ = {
			isa = PBXGroup;
			children = (
				6754181E1AAD2625003BDDF8 /* Schedule_Exercise_Time_Btn.png */,
			);
			path = Images;
			sourceTree = "<group>";
		};
		6774F1F11ACC8A7B00523592 /* User */ = {
			isa = PBXGroup;
			children = (
				6774F1EE1ACC8A7400523592 /* User.h */,
				6774F1EF1ACC8A7400523592 /* User.m */,
			);
			name = User;
			sourceTree = "<group>";
		};
		67E9F7F61A9855FD008FF8D0 = {
			isa = PBXGroup;
			children = (
				67049E7E1AA019140096BC2C /* Frameworks */,
				67E9F8011A9855FD008FF8D0 /* PowerWheelchairApp */,
				67E9F81B1A9855FE008FF8D0 /* PowerWheelchairAppTests */,
				67E9F8001A9855FD008FF8D0 /* Products */,
			);
			sourceTree = "<group>";
		};
		67E9F8001A9855FD008FF8D0 /* Products */ = {
			isa = PBXGroup;
			children = (
				67E9F7FF1A9855FD008FF8D0 /* PowerWheelchairApp.app */,
				67E9F8181A9855FE008FF8D0 /* PowerWheelchairAppTests.xctest */,
			);
			name = Products;
			sourceTree = "<group>";
		};
		67E9F8011A9855FD008FF8D0 /* PowerWheelchairApp */ = {
			isa = PBXGroup;
			children = (
				6754181D1AAD2625003BDDF8 /* Images */,
				67F74C1C1A9F335D00CE1C53 /* View_Items */,
				67F74C181A9F2DD600CE1C53 /* Controllers */,
				67E9F82E1A987062008FF8D0 /* Models */,
				67E9F8061A9855FD008FF8D0 /* AppDelegate.h */,
				67E9F8071A9855FD008FF8D0 /* AppDelegate.m */,
				67E9F80C1A9855FD008FF8D0 /* Main.storyboard */,
				67E9F80F1A9855FD008FF8D0 /* Images.xcassets */,
				67E9F8111A9855FD008FF8D0 /* LaunchScreen.xib */,
				67E9F8021A9855FD008FF8D0 /* Supporting Files */,
			);
			path = PowerWheelchairApp;
			sourceTree = "<group>";
		};
		67E9F8021A9855FD008FF8D0 /* Supporting Files */ = {
			isa = PBXGroup;
			children = (
				67E9F8031A9855FD008FF8D0 /* Info.plist */,
				67E9F8041A9855FD008FF8D0 /* main.m */,
			);
			name = "Supporting Files";
			sourceTree = "<group>";
		};
		67E9F81B1A9855FE008FF8D0 /* PowerWheelchairAppTests */ = {
			isa = PBXGroup;
			children = (
				67E9F81E1A9855FE008FF8D0 /* PowerWheelchairAppTests.m */,
				67E9F81C1A9855FE008FF8D0 /* Supporting Files */,
			);
			path = PowerWheelchairAppTests;
			sourceTree = "<group>";
		};
		67E9F81C1A9855FE008FF8D0 /* Supporting Files */ = {
			isa = PBXGroup;
			children = (
				67E9F81D1A9855FE008FF8D0 /* Info.plist */,
			);
			name = "Supporting Files";
			sourceTree = "<group>";
		};
		67E9F82E1A987062008FF8D0 /* Models */ = {
			isa = PBXGroup;
			children = (
				674CBE9F1AEF566F00AC163C /* Exercise */,
				6774F1F11ACC8A7B00523592 /* User */,
				67F74C241A9F3E0700CE1C53 /* General */,
				67F74C191A9F2E4C00CE1C53 /* Exercise_Schedule */,
			);
			name = Models;
			sourceTree = "<group>";
		};
		67F74C181A9F2DD600CE1C53 /* Controllers */ = {
			isa = PBXGroup;
			children = (
				674CBE9A1AEF54DF00AC163C /* Exercise */,
				67F74C1B1A9F2EAD00CE1C53 /* Exercise_Schedule */,
			);
			name = Controllers;
			sourceTree = "<group>";
		};
		67F74C191A9F2E4C00CE1C53 /* Exercise_Schedule */ = {
			isa = PBXGroup;
			children = (
				67E9F8331A987641008FF8D0 /* ExerciseSchedule.h */,
				67E9F8341A987641008FF8D0 /* ExerciseSchedule.m */,
			);
			name = Exercise_Schedule;
			sourceTree = "<group>";
		};
		67F74C1B1A9F2EAD00CE1C53 /* Exercise_Schedule */ = {
			isa = PBXGroup;
			children = (
				67E9F8361A9887DF008FF8D0 /* ScheduleDetailViewController.h */,
				67E9F8371A9887DF008FF8D0 /* ScheduleDetailViewController.m */,
				67E9F8281A985C16008FF8D0 /* ScheduleTableViewController.h */,
				67E9F8291A985C16008FF8D0 /* ScheduleTableViewController.m */,
				67F74C1E1A9F35C500CE1C53 /* ExerciseTimesViewController.h */,
				67F74C1F1A9F35C500CE1C53 /* ExerciseTimesViewController.m */,
				677460D91A9FF8C100E71BD9 /* AddScheduleTableViewController.h */,
				677460DA1A9FF8C100E71BD9 /* AddScheduleTableViewController.m */,
				67DF2F321AAE8D7D00C669D7 /* ExerciseScheduleMainTabViewController.h */,
				67DF2F331AAE8D7D00C669D7 /* ExerciseScheduleMainTabViewController.m */,
			);
			name = Exercise_Schedule;
			sourceTree = "<group>";
		};
		67F74C1C1A9F335D00CE1C53 /* View_Items */ = {
			isa = PBXGroup;
			children = (
				674CBE9B1AEF55D200AC163C /* Exercise */,
				67F74C1D1A9F336F00CE1C53 /* Exercise_Schedule */,
			);
			name = View_Items;
			sourceTree = "<group>";
		};
		67F74C1D1A9F336F00CE1C53 /* Exercise_Schedule */ = {
			isa = PBXGroup;
			children = (
				67E9F82B1A985D44008FF8D0 /* ScheduleTableViewCell.h */,
				67E9F82C1A985D44008FF8D0 /* ScheduleTableViewCell.m */,
				67F74C211A9F361A00CE1C53 /* ExerciseTimesTableViewCell.h */,
				67F74C221A9F361A00CE1C53 /* ExerciseTimesTableViewCell.m */,
				677460D61A9FEEE200E71BD9 /* AddScheduleTableViewCell.h */,
				677460D71A9FEEE200E71BD9 /* AddScheduleTableViewCell.m */,
			);
			name = Exercise_Schedule;
			sourceTree = "<group>";
		};
		67F74C241A9F3E0700CE1C53 /* General */ = {
			isa = PBXGroup;
			children = (
				67DF2F351AAE99FC00C669D7 /* Utils.h */,
				67DF2F361AAE99FC00C669D7 /* Utils.m */,
				67BECB131AB01F46007FF1F0 /* Constants.h */,
				67BECB141AB01F46007FF1F0 /* Constants.m */,
			);
			name = General;
			sourceTree = "<group>";
		};
/* End PBXGroup section */

/* Begin PBXNativeTarget section */
		67E9F7FE1A9855FD008FF8D0 /* PowerWheelchairApp */ = {
			isa = PBXNativeTarget;
			buildConfigurationList = 67E9F8221A9855FE008FF8D0 /* Build configuration list for PBXNativeTarget "PowerWheelchairApp" */;
			buildPhases = (
				67E9F7FB1A9855FD008FF8D0 /* Sources */,
				67E9F7FC1A9855FD008FF8D0 /* Frameworks */,
				67E9F7FD1A9855FD008FF8D0 /* Resources */,
			);
			buildRules = (
			);
			dependencies = (
			);
			name = PowerWheelchairApp;
			productName = PowerWheelchairApp;
			productReference = 67E9F7FF1A9855FD008FF8D0 /* PowerWheelchairApp.app */;
			productType = "com.apple.product-type.application";
		};
		67E9F8171A9855FE008FF8D0 /* PowerWheelchairAppTests */ = {
			isa = PBXNativeTarget;
			buildConfigurationList = 67E9F8251A9855FE008FF8D0 /* Build configuration list for PBXNativeTarget "PowerWheelchairAppTests" */;
			buildPhases = (
				67E9F8141A9855FE008FF8D0 /* Sources */,
				67E9F8151A9855FE008FF8D0 /* Frameworks */,
				67E9F8161A9855FE008FF8D0 /* Resources */,
			);
			buildRules = (
			);
			dependencies = (
				67E9F81A1A9855FE008FF8D0 /* PBXTargetDependency */,
			);
			name = PowerWheelchairAppTests;
			productName = PowerWheelchairAppTests;
			productReference = 67E9F8181A9855FE008FF8D0 /* PowerWheelchairAppTests.xctest */;
			productType = "com.apple.product-type.bundle.unit-test";
		};
/* End PBXNativeTarget section */

/* Begin PBXProject section */
		67E9F7F71A9855FD008FF8D0 /* Project object */ = {
			isa = PBXProject;
			attributes = {
				LastUpgradeCheck = 0610;
				ORGANIZATIONNAME = ASU;
				TargetAttributes = {
					67E9F7FE1A9855FD008FF8D0 = {
						CreatedOnToolsVersion = 6.1.1;
					};
					67E9F8171A9855FE008FF8D0 = {
						CreatedOnToolsVersion = 6.1.1;
						TestTargetID = 67E9F7FE1A9855FD008FF8D0;
					};
				};
			};
			buildConfigurationList = 67E9F7FA1A9855FD008FF8D0 /* Build configuration list for PBXProject "PowerWheelchairApp" */;
			compatibilityVersion = "Xcode 3.2";
			developmentRegion = English;
			hasScannedForEncodings = 0;
			knownRegions = (
				en,
				Base,
			);
			mainGroup = 67E9F7F61A9855FD008FF8D0;
			productRefGroup = 67E9F8001A9855FD008FF8D0 /* Products */;
			projectDirPath = "";
			projectRoot = "";
			targets = (
				67E9F7FE1A9855FD008FF8D0 /* PowerWheelchairApp */,
				67E9F8171A9855FE008FF8D0 /* PowerWheelchairAppTests */,
			);
		};
/* End PBXProject section */

/* Begin PBXResourcesBuildPhase section */
		67E9F7FD1A9855FD008FF8D0 /* Resources */ = {
			isa = PBXResourcesBuildPhase;
			buildActionMask = 2147483647;
			files = (
				67E9F80E1A9855FD008FF8D0 /* Main.storyboard in Resources */,
				67E9F8131A9855FD008FF8D0 /* LaunchScreen.xib in Resources */,
				6754181F1AAD2625003BDDF8 /* Schedule_Exercise_Time_Btn.png in Resources */,
				67E9F8101A9855FD008FF8D0 /* Images.xcassets in Resources */,
			);
			runOnlyForDeploymentPostprocessing = 0;
		};
		67E9F8161A9855FE008FF8D0 /* Resources */ = {
			isa = PBXResourcesBuildPhase;
			buildActionMask = 2147483647;
			files = (
			);
			runOnlyForDeploymentPostprocessing = 0;
		};
/* End PBXResourcesBuildPhase section */

/* Begin PBXSourcesBuildPhase section */
		67E9F7FB1A9855FD008FF8D0 /* Sources */ = {
			isa = PBXSourcesBuildPhase;
			buildActionMask = 2147483647;
			files = (
				6759C2D91AEF8FDE001E439E /* AddExerciseViewController.m in Sources */,
				67E9F8081A9855FD008FF8D0 /* AppDelegate.m in Sources */,
				677460D81A9FEEE200E71BD9 /* AddScheduleTableViewCell.m in Sources */,
				67DF2F341AAE8D7D00C669D7 /* ExerciseScheduleMainTabViewController.m in Sources */,
				67DF2F371AAE99FC00C669D7 /* Utils.m in Sources */,
				67E9F8351A987641008FF8D0 /* ExerciseSchedule.m in Sources */,
				674CBEA21AEF56A200AC163C /* Exercise.m in Sources */,
				6774F1F01ACC8A7400523592 /* User.m in Sources */,
				67BECB151AB01F46007FF1F0 /* Constants.m in Sources */,
				67E9F8051A9855FD008FF8D0 /* main.m in Sources */,
				67E9F82D1A985D44008FF8D0 /* ScheduleTableViewCell.m in Sources */,
				67E9F8381A9887DF008FF8D0 /* ScheduleDetailViewController.m in Sources */,
				677460DB1A9FF8C100E71BD9 /* AddScheduleTableViewController.m in Sources */,
				674CBE991AEF54D600AC163C /* ExerciseTableViewController.m in Sources */,
				67E9F82A1A985C16008FF8D0 /* ScheduleTableViewController.m in Sources */,
				674CBE9E1AEF561C00AC163C /* ExerciseTableViewCell.m in Sources */,
				674CBEA51AEF5A2E00AC163C /* ExerciseDetailViewController.m in Sources */,
				67F74C201A9F35C500CE1C53 /* ExerciseTimesViewController.m in Sources */,
				67F74C231A9F361A00CE1C53 /* ExerciseTimesTableViewCell.m in Sources */,
			);
			runOnlyForDeploymentPostprocessing = 0;
		};
		67E9F8141A9855FE008FF8D0 /* Sources */ = {
			isa = PBXSourcesBuildPhase;
			buildActionMask = 2147483647;
			files = (
				67E9F81F1A9855FE008FF8D0 /* PowerWheelchairAppTests.m in Sources */,
			);
			runOnlyForDeploymentPostprocessing = 0;
		};
/* End PBXSourcesBuildPhase section */

/* Begin PBXTargetDependency section */
		67E9F81A1A9855FE008FF8D0 /* PBXTargetDependency */ = {
			isa = PBXTargetDependency;
			target = 67E9F7FE1A9855FD008FF8D0 /* PowerWheelchairApp */;
			targetProxy = 67E9F8191A9855FE008FF8D0 /* PBXContainerItemProxy */;
		};
/* End PBXTargetDependency section */

/* Begin PBXVariantGroup section */
		67E9F80C1A9855FD008FF8D0 /* Main.storyboard */ = {
			isa = PBXVariantGroup;
			children = (
				67E9F80D1A9855FD008FF8D0 /* Base */,
			);
			name = Main.storyboard;
			sourceTree = "<group>";
		};
		67E9F8111A9855FD008FF8D0 /* LaunchScreen.xib */ = {
			isa = PBXVariantGroup;
			children = (
				67E9F8121A9855FD008FF8D0 /* Base */,
			);
			name = LaunchScreen.xib;
			sourceTree = "<group>";
		};
/* End PBXVariantGroup section */

/* Begin XCBuildConfiguration section */
		67E9F8201A9855FE008FF8D0 /* Debug */ = {
			isa = XCBuildConfiguration;
			buildSettings = {
				ALWAYS_SEARCH_USER_PATHS = NO;
				CLANG_CXX_LANGUAGE_STANDARD = "gnu++0x";
				CLANG_CXX_LIBRARY = "libc++";
				CLANG_ENABLE_MODULES = YES;
				CLANG_ENABLE_OBJC_ARC = YES;
				CLANG_WARN_BOOL_CONVERSION = YES;
				CLANG_WARN_CONSTANT_CONVERSION = YES;
				CLANG_WARN_DIRECT_OBJC_ISA_USAGE = YES_ERROR;
				CLANG_WARN_EMPTY_BODY = YES;
				CLANG_WARN_ENUM_CONVERSION = YES;
				CLANG_WARN_INT_CONVERSION = YES;
				CLANG_WARN_OBJC_ROOT_CLASS = YES_ERROR;
				CLANG_WARN_UNREACHABLE_CODE = YES;
				CLANG_WARN__DUPLICATE_METHOD_MATCH = YES;
				"CODE_SIGN_IDENTITY[sdk=iphoneos*]" = "iPhone Developer";
				COPY_PHASE_STRIP = NO;
				ENABLE_STRICT_OBJC_MSGSEND = YES;
				GCC_C_LANGUAGE_STANDARD = gnu99;
				GCC_DYNAMIC_NO_PIC = NO;
				GCC_OPTIMIZATION_LEVEL = 0;
				GCC_PREPROCESSOR_DEFINITIONS = (
					"DEBUG=1",
					"$(inherited)",
				);
				GCC_SYMBOLS_PRIVATE_EXTERN = NO;
				GCC_WARN_64_TO_32_BIT_CONVERSION = YES;
				GCC_WARN_ABOUT_RETURN_TYPE = YES_ERROR;
				GCC_WARN_UNDECLARED_SELECTOR = YES;
				GCC_WARN_UNINITIALIZED_AUTOS = YES_AGGRESSIVE;
				GCC_WARN_UNUSED_FUNCTION = YES;
				GCC_WARN_UNUSED_VARIABLE = YES;
				IPHONEOS_DEPLOYMENT_TARGET = 8.1;
				MTL_ENABLE_DEBUG_INFO = YES;
				ONLY_ACTIVE_ARCH = YES;
				SDKROOT = iphoneos;
			};
			name = Debug;
		};
		67E9F8211A9855FE008FF8D0 /* Release */ = {
			isa = XCBuildConfiguration;
			buildSettings = {
				ALWAYS_SEARCH_USER_PATHS = NO;
				CLANG_CXX_LANGUAGE_STANDARD = "gnu++0x";
				CLANG_CXX_LIBRARY = "libc++";
				CLANG_ENABLE_MODULES = YES;
				CLANG_ENABLE_OBJC_ARC = YES;
				CLANG_WARN_BOOL_CONVERSION = YES;
				CLANG_WARN_CONSTANT_CONVERSION = YES;
				CLANG_WARN_DIRECT_OBJC_ISA_USAGE = YES_ERROR;
				CLANG_WARN_EMPTY_BODY = YES;
				CLANG_WARN_ENUM_CONVERSION = YES;
				CLANG_WARN_INT_CONVERSION = YES;
				CLANG_WARN_OBJC_ROOT_CLASS = YES_ERROR;
				CLANG_WARN_UNREACHABLE_CODE = YES;
				CLANG_WARN__DUPLICATE_METHOD_MATCH = YES;
				"CODE_SIGN_IDENTITY[sdk=iphoneos*]" = "iPhone Developer";
				COPY_PHASE_STRIP = YES;
				ENABLE_NS_ASSERTIONS = NO;
				ENABLE_STRICT_OBJC_MSGSEND = YES;
				GCC_C_LANGUAGE_STANDARD = gnu99;
				GCC_WARN_64_TO_32_BIT_CONVERSION = YES;
				GCC_WARN_ABOUT_RETURN_TYPE = YES_ERROR;
				GCC_WARN_UNDECLARED_SELECTOR = YES;
				GCC_WARN_UNINITIALIZED_AUTOS = YES_AGGRESSIVE;
				GCC_WARN_UNUSED_FUNCTION = YES;
				GCC_WARN_UNUSED_VARIABLE = YES;
				IPHONEOS_DEPLOYMENT_TARGET = 8.1;
				MTL_ENABLE_DEBUG_INFO = NO;
				SDKROOT = iphoneos;
				VALIDATE_PRODUCT = YES;
			};
			name = Release;
		};
		67E9F8231A9855FE008FF8D0 /* Debug */ = {
			isa = XCBuildConfiguration;
			buildSettings = {
				ASSETCATALOG_COMPILER_APPICON_NAME = AppIcon;
				FRAMEWORK_SEARCH_PATHS = (
					"$(inherited)",
					"$(PROJECT_DIR)/parse-library-1.6.3",
				);
				INFOPLIST_FILE = PowerWheelchairApp/Info.plist;
				LD_RUNPATH_SEARCH_PATHS = "$(inherited) @executable_path/Frameworks";
				PRODUCT_NAME = "$(TARGET_NAME)";
			};
			name = Debug;
		};
		67E9F8241A9855FE008FF8D0 /* Release */ = {
			isa = XCBuildConfiguration;
			buildSettings = {
				ASSETCATALOG_COMPILER_APPICON_NAME = AppIcon;
				FRAMEWORK_SEARCH_PATHS = (
					"$(inherited)",
					"$(PROJECT_DIR)/parse-library-1.6.3",
				);
				INFOPLIST_FILE = PowerWheelchairApp/Info.plist;
				LD_RUNPATH_SEARCH_PATHS = "$(inherited) @executable_path/Frameworks";
				PRODUCT_NAME = "$(TARGET_NAME)";
			};
			name = Release;
		};
		67E9F8261A9855FE008FF8D0 /* Debug */ = {
			isa = XCBuildConfiguration;
			buildSettings = {
				BUNDLE_LOADER = "$(TEST_HOST)";
				FRAMEWORK_SEARCH_PATHS = (
					"$(SDKROOT)/Developer/Library/Frameworks",
					"$(inherited)",
				);
				GCC_PREPROCESSOR_DEFINITIONS = (
					"DEBUG=1",
					"$(inherited)",
				);
				INFOPLIST_FILE = PowerWheelchairAppTests/Info.plist;
				LD_RUNPATH_SEARCH_PATHS = "$(inherited) @executable_path/Frameworks @loader_path/Frameworks";
				PRODUCT_NAME = "$(TARGET_NAME)";
				TEST_HOST = "$(BUILT_PRODUCTS_DIR)/PowerWheelchairApp.app/PowerWheelchairApp";
			};
			name = Debug;
		};
		67E9F8271A9855FE008FF8D0 /* Release */ = {
			isa = XCBuildConfiguration;
			buildSettings = {
				BUNDLE_LOADER = "$(TEST_HOST)";
				FRAMEWORK_SEARCH_PATHS = (
					"$(SDKROOT)/Developer/Library/Frameworks",
					"$(inherited)",
				);
				INFOPLIST_FILE = PowerWheelchairAppTests/Info.plist;
				LD_RUNPATH_SEARCH_PATHS = "$(inherited) @executable_path/Frameworks @loader_path/Frameworks";
				PRODUCT_NAME = "$(TARGET_NAME)";
				TEST_HOST = "$(BUILT_PRODUCTS_DIR)/PowerWheelchairApp.app/PowerWheelchairApp";
			};
			name = Release;
		};
/* End XCBuildConfiguration section */

/* Begin XCConfigurationList section */
		67E9F7FA1A9855FD008FF8D0 /* Build configuration list for PBXProject "PowerWheelchairApp" */ = {
			isa = XCConfigurationList;
			buildConfigurations = (
				67E9F8201A9855FE008FF8D0 /* Debug */,
				67E9F8211A9855FE008FF8D0 /* Release */,
			);
			defaultConfigurationIsVisible = 0;
			defaultConfigurationName = Release;
		};
		67E9F8221A9855FE008FF8D0 /* Build configuration list for PBXNativeTarget "PowerWheelchairApp" */ = {
			isa = XCConfigurationList;
			buildConfigurations = (
				67E9F8231A9855FE008FF8D0 /* Debug */,
				67E9F8241A9855FE008FF8D0 /* Release */,
			);
			defaultConfigurationIsVisible = 0;
			defaultConfigurationName = Release;
		};
		67E9F8251A9855FE008FF8D0 /* Build configuration list for PBXNativeTarget "PowerWheelchairAppTests" */ = {
			isa = XCConfigurationList;
			buildConfigurations = (
				67E9F8261A9855FE008FF8D0 /* Debug */,
				67E9F8271A9855FE008FF8D0 /* Release */,
			);
			defaultConfigurationIsVisible = 0;
			defaultConfigurationName = Release;
		};
/* End XCConfigurationList section */
	};
	rootObject = 67E9F7F71A9855FD008FF8D0 /* Project object */;
}
